
Microsoft Visual Studio Solution File, Format Version 12.00
# Visual Studio Version 17
VisualStudioVersion = 17.11.35222.181
MinimumVisualStudioVersion = 10.0.40219.1
Project("{9A19103F-16F7-4668-BE54-9A1E7A4F7556}") = "FinalProject", "FinalProject\FinalProject.csproj", "{A272EAF5-C79C-4301-95E5-DDB9321B7FD6}"
EndProject
Project("{9A19103F-16F7-4668-BE54-9A1E7A4F7556}") = "Entities", "Entities\Entities.csproj", "{0385406A-ED32-4764-B810-51F2198CD7A5}"
EndProject
Project("{9A19103F-16F7-4668-BE54-9A1E7A4F7556}") = "Services", "Services\Services.csproj", "{2B840544-756C-4F4E-8A24-2AAB2A9180C7}"
EndProject
Project("{9A19103F-16F7-4668-BE54-9A1E7A4F7556}") = "Common", "Common\Common.csproj", "{06848640-BFD2-49E2-9842-3FE65F9C614B}"
EndProject
Project("{FAE04EC0-301F-11D3-BF4B-00C04F79EFBC}") = "FinalProject.Test", "FinalProject.Test\FinalProject.Test.csproj", "{46B12BEE-DA08-42B8-B801-59A25754A062}"
EndProject
Global
	GlobalSection(SolutionConfigurationPlatforms) = preSolution
		Debug|Any CPU = Debug|Any CPU
		Release|Any CPU = Release|Any CPU
	EndGlobalSection
	GlobalSection(ProjectConfigurationPlatforms) = postSolution
		{A272EAF5-C79C-4301-95E5-DDB9321B7FD6}.Debug|Any CPU.ActiveCfg = Debug|Any CPU
		{A272EAF5-C79C-4301-95E5-DDB9321B7FD6}.Debug|Any CPU.Build.0 = Debug|Any CPU
		{A272EAF5-C79C-4301-95E5-DDB9321B7FD6}.Release|Any CPU.ActiveCfg = Release|Any CPU
		{A272EAF5-C79C-4301-95E5-DDB9321B7FD6}.Release|Any CPU.Build.0 = Release|Any CPU
		{0385406A-ED32-4764-B810-51F2198CD7A5}.Debug|Any CPU.ActiveCfg = Debug|Any CPU
		{0385406A-ED32-4764-B810-51F2198CD7A5}.Debug|Any CPU.Build.0 = Debug|Any CPU
		{0385406A-ED32-4764-B810-51F2198CD7A5}.Release|Any CPU.ActiveCfg = Release|Any CPU
		{0385406A-ED32-4764-B810-51F2198CD7A5}.Release|Any CPU.Build.0 = Release|Any CPU
		{2B840544-756C-4F4E-8A24-2AAB2A9180C7}.Debug|Any CPU.ActiveCfg = Debug|Any CPU
		{2B840544-756C-4F4E-8A24-2AAB2A9180C7}.Debug|Any CPU.Build.0 = Debug|Any CPU
		{2B840544-756C-4F4E-8A24-2AAB2A9180C7}.Release|Any CPU.ActiveCfg = Release|Any CPU
		{2B840544-756C-4F4E-8A24-2AAB2A9180C7}.Release|Any CPU.Build.0 = Release|Any CPU
		{06848640-BFD2-49E2-9842-3FE65F9C614B}.Debug|Any CPU.ActiveCfg = Debug|Any CPU
		{06848640-BFD2-49E2-9842-3FE65F9C614B}.Debug|Any CPU.Build.0 = Debug|Any CPU
		{06848640-BFD2-49E2-9842-3FE65F9C614B}.Release|Any CPU.ActiveCfg = Release|Any CPU
		{06848640-BFD2-49E2-9842-3FE65F9C614B}.Release|Any CPU.Build.0 = Release|Any CPU
		{46B12BEE-DA08-42B8-B801-59A25754A062}.Debug|Any CPU.ActiveCfg = Debug|Any CPU
		{46B12BEE-DA08-42B8-B801-59A25754A062}.Debug|Any CPU.Build.0 = Debug|Any CPU
		{46B12BEE-DA08-42B8-B801-59A25754A062}.Release|Any CPU.ActiveCfg = Release|Any CPU
		{46B12BEE-DA08-42B8-B801-59A25754A062}.Release|Any CPU.Build.0 = Release|Any CPU
	EndGlobalSection
	GlobalSection(SolutionProperties) = preSolution
		HideSolutionNode = FALSE
	EndGlobalSection
	GlobalSection(ExtensibilityGlobals) = postSolution
		SolutionGuid = {29BA275C-641C-40E2-85FD-B327FF5495B9}
	EndGlobalSection
EndGlobal
